// !$*UTF8*$!
{
	archiveVersion = 1;
	classes = {
	};
	objectVersion = 50;
	objects = {

/* Begin PBXBuildFile section */
		977FC4CF23EFB7D600391EA9 /* AppDelegate.swift in Sources */ = {isa = PBXBuildFile; fileRef = 977FC4CE23EFB7D600391EA9 /* AppDelegate.swift */; };
		977FC4D123EFB7D600391EA9 /* SceneDelegate.swift in Sources */ = {isa = PBXBuildFile; fileRef = 977FC4D023EFB7D600391EA9 /* SceneDelegate.swift */; };
		977FC4D323EFB7D600391EA9 /* ViewController.swift in Sources */ = {isa = PBXBuildFile; fileRef = 977FC4D223EFB7D600391EA9 /* ViewController.swift */; };
		977FC4D623EFB7D600391EA9 /* Main.storyboard in Resources */ = {isa = PBXBuildFile; fileRef = 977FC4D423EFB7D600391EA9 /* Main.storyboard */; };
		977FC4D823EFB7D700391EA9 /* Assets.xcassets in Resources */ = {isa = PBXBuildFile; fileRef = 977FC4D723EFB7D700391EA9 /* Assets.xcassets */; };
		977FC4DB23EFB7D700391EA9 /* LaunchScreen.storyboard in Resources */ = {isa = PBXBuildFile; fileRef = 977FC4D923EFB7D700391EA9 /* LaunchScreen.storyboard */; };
		977FC4E623EFB7D700391EA9 /* ios_study_mapkitTests.swift in Sources */ = {isa = PBXBuildFile; fileRef = 977FC4E523EFB7D700391EA9 /* ios_study_mapkitTests.swift */; };
/* End PBXBuildFile section */

/* Begin PBXContainerItemProxy section */
		977FC4E223EFB7D700391EA9 /* PBXContainerItemProxy */ = {
			isa = PBXContainerItemProxy;
			containerPortal = 977FC4C323EFB7D600391EA9 /* Project object */;
			proxyType = 1;
			remoteGlobalIDString = 977FC4CA23EFB7D600391EA9;
			remoteInfo = ios_study_mapkit;
		};
/* End PBXContainerItemProxy section */

/* Begin PBXFileReference section */
		977FC4CB23EFB7D600391EA9 /* ios_study_mapkit.app */ = {isa = PBXFileReference; explicitFileType = wrapper.application; includeInIndex = 0; path = ios_study_mapkit.app; sourceTree = BUILT_PRODUCTS_DIR; };
		977FC4CE23EFB7D600391EA9 /* AppDelegate.swift */ = {isa = PBXFileReference; lastKnownFileType = sourcecode.swift; path = AppDelegate.swift; sourceTree = "<group>"; };
		977FC4D023EFB7D600391EA9 /* SceneDelegate.swift */ = {isa = PBXFileReference; lastKnownFileType = sourcecode.swift; path = SceneDelegate.swift; sourceTree = "<group>"; };
		977FC4D223EFB7D600391EA9 /* ViewController.swift */ = {isa = PBXFileReference; lastKnownFileType = sourcecode.swift; path = ViewController.swift; sourceTree = "<group>"; };
		977FC4D523EFB7D600391EA9 /* Base */ = {isa = PBXFileReference; lastKnownFileType = file.storyboard; name = Base; path = Base.lproj/Main.storyboard; sourceTree = "<group>"; };
		977FC4D723EFB7D700391EA9 /* Assets.xcassets */ = {isa = PBXFileReference; lastKnownFileType = folder.assetcatalog; path = Assets.xcassets; sourceTree = "<group>"; };
		977FC4DA23EFB7D700391EA9 /* Base */ = {isa = PBXFileReference; lastKnownFileType = file.storyboard; name = Base; path = Base.lproj/LaunchScreen.storyboard; sourceTree = "<group>"; };
		977FC4DC23EFB7D700391EA9 /* Info.plist */ = {isa = PBXFileReference; lastKnownFileType = text.plist.xml; path = Info.plist; sourceTree = "<group>"; };
		977FC4E123EFB7D700391EA9 /* ios_study_mapkitTests.xctest */ = {isa = PBXFileReference; explicitFileType = wrapper.cfbundle; includeInIndex = 0; path = ios_study_mapkitTests.xctest; sourceTree = BUILT_PRODUCTS_DIR; };
		977FC4E523EFB7D700391EA9 /* ios_study_mapkitTests.swift */ = {isa = PBXFileReference; lastKnownFileType = sourcecode.swift; path = ios_study_mapkitTests.swift; sourceTree = "<group>"; };
		977FC4E723EFB7D700391EA9 /* Info.plist */ = {isa = PBXFileReference; lastKnownFileType = text.plist.xml; path = Info.plist; sourceTree = "<group>"; };
/* End PBXFileReference section */

/* Begin PBXFrameworksBuildPhase section */
		977FC4C823EFB7D600391EA9 /* Frameworks */ = {
			isa = PBXFrameworksBuildPhase;
			buildActionMask = 2147483647;
			files = (
			);
			runOnlyForDeploymentPostprocessing = 0;
		};
		977FC4DE23EFB7D700391EA9 /* Frameworks */ = {
			isa = PBXFrameworksBuildPhase;
			buildActionMask = 2147483647;
			files = (
			);
			runOnlyForDeploymentPostprocessing = 0;
		};
/* End PBXFrameworksBuildPhase section */

/* Begin PBXGroup section */
		977FC4C223EFB7D600391EA9 = {
			isa = PBXGroup;
			children = (
				977FC4CD23EFB7D600391EA9 /* ios_study_mapkit */,
				977FC4E423EFB7D700391EA9 /* ios_study_mapkitTests */,
				977FC4CC23EFB7D600391EA9 /* Products */,
			);
			sourceTree = "<group>";
		};
		977FC4CC23EFB7D600391EA9 /* Products */ = {
			isa = PBXGroup;
			children = (
				977FC4CB23EFB7D600391EA9 /* ios_study_mapkit.app */,
				977FC4E123EFB7D700391EA9 /* ios_study_mapkitTests.xctest */,
			);
			name = Products;
			sourceTree = "<group>";
		};
		977FC4CD23EFB7D600391EA9 /* ios_study_mapkit */ = {
			isa = PBXGroup;
			children = (
				977FC4CE23EFB7D600391EA9 /* AppDelegate.swift */,
				977FC4D023EFB7D600391EA9 /* SceneDelegate.swift */,
				977FC4D223EFB7D600391EA9 /* ViewController.swift */,
				977FC4D423EFB7D600391EA9 /* Main.storyboard */,
				977FC4D723EFB7D700391EA9 /* Assets.xcassets */,
				977FC4D923EFB7D700391EA9 /* LaunchScreen.storyboard */,
				977FC4DC23EFB7D700391EA9 /* Info.plist */,
			);
			path = ios_study_mapkit;
			sourceTree = "<group>";
		};
		977FC4E423EFB7D700391EA9 /* ios_study_mapkitTests */ = {
			isa = PBXGroup;
			children = (
				977FC4E523EFB7D700391EA9 /* ios_study_mapkitTests.swift */,
				977FC4E723EFB7D700391EA9 /* Info.plist */,
			);
			path = ios_study_mapkitTests;
			sourceTree = "<group>";
		};
/* End PBXGroup section */

/* Begin PBXNativeTarget section */
		977FC4CA23EFB7D600391EA9 /* ios_study_mapkit */ = {
			isa = PBXNativeTarget;
			buildConfigurationList = 977FC4EA23EFB7D700391EA9 /* Build configuration list for PBXNativeTarget "ios_study_mapkit" */;
			buildPhases = (
				977FC4C723EFB7D600391EA9 /* Sources */,
				977FC4C823EFB7D600391EA9 /* Frameworks */,
				977FC4C923EFB7D600391EA9 /* Resources */,
			);
			buildRules = (
			);
			dependencies = (
			);
			name = ios_study_mapkit;
			productName = ios_study_mapkit;
			productReference = 977FC4CB23EFB7D600391EA9 /* ios_study_mapkit.app */;
			productType = "com.apple.product-type.application";
		};
		977FC4E023EFB7D700391EA9 /* ios_study_mapkitTests */ = {
			isa = PBXNativeTarget;
			buildConfigurationList = 977FC4ED23EFB7D700391EA9 /* Build configuration list for PBXNativeTarget "ios_study_mapkitTests" */;
			buildPhases = (
				977FC4DD23EFB7D700391EA9 /* Sources */,
				977FC4DE23EFB7D700391EA9 /* Frameworks */,
				977FC4DF23EFB7D700391EA9 /* Resources */,
			);
			buildRules = (
			);
			dependencies = (
				977FC4E323EFB7D700391EA9 /* PBXTargetDependency */,
			);
			name = ios_study_mapkitTests;
			productName = ios_study_mapkitTests;
			productReference = 977FC4E123EFB7D700391EA9 /* ios_study_mapkitTests.xctest */;
			productType = "com.apple.product-type.bundle.unit-test";
		};
/* End PBXNativeTarget section */

/* Begin PBXProject section */
		977FC4C323EFB7D600391EA9 /* Project object */ = {
			isa = PBXProject;
			attributes = {
				LastSwiftUpdateCheck = 1130;
				LastUpgradeCheck = 1130;
				ORGANIZATIONNAME = toolstudio;
				TargetAttributes = {
					977FC4CA23EFB7D600391EA9 = {
						CreatedOnToolsVersion = 11.3.1;
					};
					977FC4E023EFB7D700391EA9 = {
						CreatedOnToolsVersion = 11.3.1;
						TestTargetID = 977FC4CA23EFB7D600391EA9;
					};
				};
			};
			buildConfigurationList = 977FC4C623EFB7D600391EA9 /* Build configuration list for PBXProject "ios_study_mapkit" */;
			compatibilityVersion = "Xcode 9.3";
			developmentRegion = en;
			hasScannedForEncodings = 0;
			knownRegions = (
				en,
				Base,
			);
			mainGroup = 977FC4C223EFB7D600391EA9;
			productRefGroup = 977FC4CC23EFB7D600391EA9 /* Products */;
			projectDirPath = "";
			projectRoot = "";
			targets = (
				977FC4CA23EFB7D600391EA9 /* ios_study_mapkit */,
				977FC4E023EFB7D700391EA9 /* ios_study_mapkitTests */,
			);
		};
/* End PBXProject section */

/* Begin PBXResourcesBuildPhase section */
		977FC4C923EFB7D600391EA9 /* Resources */ = {
			isa = PBXResourcesBuildPhase;
			buildActionMask = 2147483647;
			files = (
				977FC4DB23EFB7D700391EA9 /* LaunchScreen.storyboard in Resources */,
				977FC4D823EFB7D700391EA9 /* Assets.xcassets in Resources */,
				977FC4D623EFB7D600391EA9 /* Main.storyboard in Resources */,
			);
			runOnlyForDeploymentPostprocessing = 0;
		};
		977FC4DF23EFB7D700391EA9 /* Resources */ = {
			isa = PBXResourcesBuildPhase;
			buildActionMask = 2147483647;
			files = (
			);
			runOnlyForDeploymentPostprocessing = 0;
		};
/* End PBXResourcesBuildPhase section */

/* Begin PBXSourcesBuildPhase section */
		977FC4C723EFB7D600391EA9 /* Sources */ = {
			isa = PBXSourcesBuildPhase;
			buildActionMask = 2147483647;
			files = (
				977FC4D323EFB7D600391EA9 /* ViewController.swift in Sources */,
				977FC4CF23EFB7D600391EA9 /* AppDelegate.swift in Sources */,
				977FC4D123EFB7D600391EA9 /* SceneDelegate.swift in Sources */,
			);
			runOnlyForDeploymentPostprocessing = 0;
		};
		977FC4DD23EFB7D700391EA9 /* Sources */ = {
			isa = PBXSourcesBuildPhase;
			buildActionMask = 2147483647;
			files = (
				977FC4E623EFB7D700391EA9 /* ios_study_mapkitTests.swift in Sources */,
			);
			runOnlyForDeploymentPostprocessing = 0;
		};
/* End PBXSourcesBuildPhase section */

/* Begin PBXTargetDependency section */
		977FC4E323EFB7D700391EA9 /* PBXTargetDependency */ = {
			isa = PBXTargetDependency;
			target = 977FC4CA23EFB7D600391EA9 /* ios_study_mapkit */;
			targetProxy = 977FC4E223EFB7D700391EA9 /* PBXContainerItemProxy */;
		};
/* End PBXTargetDependency section */

/* Begin PBXVariantGroup section */
		977FC4D423EFB7D600391EA9 /* Main.storyboard */ = {
			isa = PBXVariantGroup;
			children = (
				977FC4D523EFB7D600391EA9 /* Base */,
			);
			name = Main.storyboard;
			sourceTree = "<group>";
		};
		977FC4D923EFB7D700391EA9 /* LaunchScreen.storyboard */ = {
			isa = PBXVariantGroup;
			children = (
				977FC4DA23EFB7D700391EA9 /* Base */,
			);
			name = LaunchScreen.storyboard;
			sourceTree = "<group>";
		};
/* End PBXVariantGroup section */

/* Begin XCBuildConfiguration section */
		977FC4E823EFB7D700391EA9 /* Debug */ = {
			isa = XCBuildConfiguration;
			buildSettings = {
				ALWAYS_SEARCH_USER_PATHS = NO;
				CLANG_ANALYZER_NONNULL = YES;
				CLANG_ANALYZER_NUMBER_OBJECT_CONVERSION = YES_AGGRESSIVE;
				CLANG_CXX_LANGUAGE_STANDARD = "gnu++14";
				CLANG_CXX_LIBRARY = "libc++";
				CLANG_ENABLE_MODULES = YES;
				CLANG_ENABLE_OBJC_ARC = YES;
				CLANG_ENABLE_OBJC_WEAK = YES;
				CLANG_WARN_BLOCK_CAPTURE_AUTORELEASING = YES;
				CLANG_WARN_BOOL_CONVERSION = YES;
				CLANG_WARN_COMMA = YES;
				CLANG_WARN_CONSTANT_CONVERSION = YES;
				CLANG_WARN_DEPRECATED_OBJC_IMPLEMENTATIONS = YES;
				CLANG_WARN_DIRECT_OBJC_ISA_USAGE = YES_ERROR;
				CLANG_WARN_DOCUMENTATION_COMMENTS = YES;
				CLANG_WARN_EMPTY_BODY = YES;
				CLANG_WARN_ENUM_CONVERSION = YES;
				CLANG_WARN_INFINITE_RECURSION = YES;
				CLANG_WARN_INT_CONVERSION = YES;
				CLANG_WARN_NON_LITERAL_NULL_CONVERSION = YES;
				CLANG_WARN_OBJC_IMPLICIT_RETAIN_SELF = YES;
				CLANG_WARN_OBJC_LITERAL_CONVERSION = YES;
				CLANG_WARN_OBJC_ROOT_CLASS = YES_ERROR;
				CLANG_WARN_RANGE_LOOP_ANALYSIS = YES;
				CLANG_WARN_STRICT_PROTOTYPES = YES;
				CLANG_WARN_SUSPICIOUS_MOVE = YES;
				CLANG_WARN_UNGUARDED_AVAILABILITY = YES_AGGRESSIVE;
				CLANG_WARN_UNREACHABLE_CODE = YES;
				CLANG_WARN__DUPLICATE_METHOD_MATCH = YES;
				COPY_PHASE_STRIP = NO;
				DEBUG_INFORMATION_FORMAT = dwarf;
				ENABLE_STRICT_OBJC_MSGSEND = YES;
				ENABLE_TESTABILITY = YES;
				GCC_C_LANGUAGE_STANDARD = gnu11;
				GCC_DYNAMIC_NO_PIC = NO;
				GCC_NO_COMMON_BLOCKS = YES;
				GCC_OPTIMIZATION_LEVEL = 0;
				GCC_PREPROCESSOR_DEFINITIONS = (
					"DEBUG=1",
					"$(inherited)",
				);
				GCC_WARN_64_TO_32_BIT_CONVERSION = YES;
				GCC_WARN_ABOUT_RETURN_TYPE = YES_ERROR;
				GCC_WARN_UNDECLARED_SELECTOR = YES;
				GCC_WARN_UNINITIALIZED_AUTOS = YES_AGGRESSIVE;
				GCC_WARN_UNUSED_FUNCTION = YES;
				GCC_WARN_UNUSED_VARIABLE = YES;
				IPHONEOS_DEPLOYMENT_TARGET = 13.2;
				MTL_ENABLE_DEBUG_INFO = INCLUDE_SOURCE;
				MTL_FAST_MATH = YES;
				ONLY_ACTIVE_ARCH = YES;
				SDKROOT = iphoneos;
				SWIFT_ACTIVE_COMPILATION_CONDITIONS = DEBUG;
				SWIFT_OPTIMIZATION_LEVEL = "-Onone";
			};
			name = Debug;
		};
		977FC4E923EFB7D700391EA9 /* Release */ = {
			isa = XCBuildConfiguration;
			buildSettings = {
				ALWAYS_SEARCH_USER_PATHS = NO;
				CLANG_ANALYZER_NONNULL = YES;
				CLANG_ANALYZER_NUMBER_OBJECT_CONVERSION = YES_AGGRESSIVE;
				CLANG_CXX_LANGUAGE_STANDARD = "gnu++14";
				CLANG_CXX_LIBRARY = "libc++";
				CLANG_ENABLE_MODULES = YES;
				CLANG_ENABLE_OBJC_ARC = YES;
				CLANG_ENABLE_OBJC_WEAK = YES;
				CLANG_WARN_BLOCK_CAPTURE_AUTORELEASING = YES;
				CLANG_WARN_BOOL_CONVERSION = YES;
				CLANG_WARN_COMMA = YES;
				CLANG_WARN_CONSTANT_CONVERSION = YES;
				CLANG_WARN_DEPRECATED_OBJC_IMPLEMENTATIONS = YES;
				CLANG_WARN_DIRECT_OBJC_ISA_USAGE = YES_ERROR;
				CLANG_WARN_DOCUMENTATION_COMMENTS = YES;
				CLANG_WARN_EMPTY_BODY = YES;
				CLANG_WARN_ENUM_CONVERSION = YES;
				CLANG_WARN_INFINITE_RECURSION = YES;
				CLANG_WARN_INT_CONVERSION = YES;
				CLANG_WARN_NON_LITERAL_NULL_CONVERSION = YES;
				CLANG_WARN_OBJC_IMPLICIT_RETAIN_SELF = YES;
				CLANG_WARN_OBJC_LITERAL_CONVERSION = YES;
				CLANG_WARN_OBJC_ROOT_CLASS = YES_ERROR;
				CLANG_WARN_RANGE_LOOP_ANALYSIS = YES;
				CLANG_WARN_STRICT_PROTOTYPES = YES;
				CLANG_WARN_SUSPICIOUS_MOVE = YES;
				CLANG_WARN_UNGUARDED_AVAILABILITY = YES_AGGRESSIVE;
				CLANG_WARN_UNREACHABLE_CODE = YES;
				CLANG_WARN__DUPLICATE_METHOD_MATCH = YES;
				COPY_PHASE_STRIP = NO;
				DEBUG_INFORMATION_FORMAT = "dwarf-with-dsym";
				ENABLE_NS_ASSERTIONS = NO;
				ENABLE_STRICT_OBJC_MSGSEND = YES;
				GCC_C_LANGUAGE_STANDARD = gnu11;
				GCC_NO_COMMON_BLOCKS = YES;
				GCC_WARN_64_TO_32_BIT_CONVERSION = YES;
				GCC_WARN_ABOUT_RETURN_TYPE = YES_ERROR;
				GCC_WARN_UNDECLARED_SELECTOR = YES;
				GCC_WARN_UNINITIALIZED_AUTOS = YES_AGGRESSIVE;
				GCC_WARN_UNUSED_FUNCTION = YES;
				GCC_WARN_UNUSED_VARIABLE = YES;
				IPHONEOS_DEPLOYMENT_TARGET = 13.2;
				MTL_ENABLE_DEBUG_INFO = NO;
				MTL_FAST_MATH = YES;
				SDKROOT = iphoneos;
				SWIFT_COMPILATION_MODE = wholemodule;
				SWIFT_OPTIMIZATION_LEVEL = "-O";
				VALIDATE_PRODUCT = YES;
			};
			name = Release;
		};
		977FC4EB23EFB7D700391EA9 /* Debug */ = {
			isa = XCBuildConfiguration;
			buildSettings = {
				ASSETCATALOG_COMPILER_APPICON_NAME = AppIcon;
				CODE_SIGN_STYLE = Automatic;
				INFOPLIST_FILE = ios_study_mapkit/Info.plist;
				LD_RUNPATH_SEARCH_PATHS = (
					"$(inherited)",
					"@executable_path/Frameworks",
				);
				PRODUCT_BUNDLE_IDENTIFIER = "toolstudio.ios-study-mapkit";
				PRODUCT_NAME = "$(TARGET_NAME)";
				SWIFT_VERSION = 5.0;
				TARGETED_DEVICE_FAMILY = "1,2";
			};
			name = Debug;
		};
		977FC4EC23EFB7D700391EA9 /* Release */ = {
			isa = XCBuildConfiguration;
			buildSettings = {
				ASSETCATALOG_COMPILER_APPICON_NAME = AppIcon;
				CODE_SIGN_STYLE = Automatic;
				INFOPLIST_FILE = ios_study_mapkit/Info.plist;
				LD_RUNPATH_SEARCH_PATHS = (
					"$(inherited)",
					"@executable_path/Frameworks",
				);
				PRODUCT_BUNDLE_IDENTIFIER = "toolstudio.ios-study-mapkit";
				PRODUCT_NAME = "$(TARGET_NAME)";
				SWIFT_VERSION = 5.0;
				TARGETED_DEVICE_FAMILY = "1,2";
			};
			name = Release;
		};
		977FC4EE23EFB7D700391EA9 /* Debug */ = {
			isa = XCBuildConfiguration;
			buildSettings = {
				ALWAYS_EMBED_SWIFT_STANDARD_LIBRARIES = YES;
				BUNDLE_LOADER = "$(TEST_HOST)";
				CODE_SIGN_STYLE = Automatic;
				INFOPLIST_FILE = ios_study_mapkitTests/Info.plist;
				IPHONEOS_DEPLOYMENT_TARGET = 13.2;
				LD_RUNPATH_SEARCH_PATHS = (
					"$(inherited)",
					"@executable_path/Frameworks",
					"@loader_path/Frameworks",
				);
				PRODUCT_BUNDLE_IDENTIFIER = "toolstudio.ios-study-mapkitTests";
				PRODUCT_NAME = "$(TARGET_NAME)";
				SWIFT_VERSION = 5.0;
				TARGETED_DEVICE_FAMILY = "1,2";
				TEST_HOST = "$(BUILT_PRODUCTS_DIR)/ios_study_mapkit.app/ios_study_mapkit";
			};
			name = Debug;
		};
		977FC4EF23EFB7D700391EA9 /* Release */ = {
			isa = XCBuildConfiguration;
			buildSettings = {
				ALWAYS_EMBED_SWIFT_STANDARD_LIBRARIES = YES;
				BUNDLE_LOADER = "$(TEST_HOST)";
				CODE_SIGN_STYLE = Automatic;
				INFOPLIST_FILE = ios_study_mapkitTests/Info.plist;
				IPHONEOS_DEPLOYMENT_TARGET = 13.2;
				LD_RUNPATH_SEARCH_PATHS = (
					"$(inherited)",
					"@executable_path/Frameworks",
					"@loader_path/Frameworks",
				);
				PRODUCT_BUNDLE_IDENTIFIER = "toolstudio.ios-study-mapkitTests";
				PRODUCT_NAME = "$(TARGET_NAME)";
				SWIFT_VERSION = 5.0;
				TARGETED_DEVICE_FAMILY = "1,2";
				TEST_HOST = "$(BUILT_PRODUCTS_DIR)/ios_study_mapkit.app/ios_study_mapkit";
			};
			name = Release;
		};
/* End XCBuildConfiguration section */

/* Begin XCConfigurationList section */
		977FC4C623EFB7D600391EA9 /* Build configuration list for PBXProject "ios_study_mapkit" */ = {
			isa = XCConfigurationList;
			buildConfigurations = (
				977FC4E823EFB7D700391EA9 /* Debug */,
				977FC4E923EFB7D700391EA9 /* Release */,
			);
			defaultConfigurationIsVisible = 0;
			defaultConfigurationName = Release;
		};
		977FC4EA23EFB7D700391EA9 /* Build configuration list for PBXNativeTarget "ios_study_mapkit" */ = {
			isa = XCConfigurationList;
			buildConfigurations = (
				977FC4EB23EFB7D700391EA9 /* Debug */,
				977FC4EC23EFB7D700391EA9 /* Release */,
			);
			defaultConfigurationIsVisible = 0;
			defaultConfigurationName = Release;
		};
		977FC4ED23EFB7D700391EA9 /* Build configuration list for PBXNativeTarget "ios_study_mapkitTests" */ = {
			isa = XCConfigurationList;
			buildConfigurations = (
				977FC4EE23EFB7D700391EA9 /* Debug */,
				977FC4EF23EFB7D700391EA9 /* Release */,
			);
			defaultConfigurationIsVisible = 0;
			defaultConfigurationName = Release;
		};
/* End XCConfigurationList section */
	};
	rootObject = 977FC4C323EFB7D600391EA9 /* Project object */;
}
